// !$*UTF8*$!
{
	archiveVersion = 1;
	classes = {
	};
	objectVersion = 52;
	objects = {

/* Begin PBXBuildFile section */
		506850CC242385EF007C8609 /* Moya in Frameworks */ = {isa = PBXBuildFile; productRef = 506850CB242385EF007C8609 /* Moya */; };
		506850CE24238600007C8609 /* WebService.swift in Sources */ = {isa = PBXBuildFile; fileRef = 506850CD24238600007C8609 /* WebService.swift */; };
		506850D124238943007C8609 /* DataState.swift in Sources */ = {isa = PBXBuildFile; fileRef = 506850D024238943007C8609 /* DataState.swift */; };
		506850D42423BEFA007C8609 /* APIPlayer.swift in Sources */ = {isa = PBXBuildFile; fileRef = 506850D32423BEFA007C8609 /* APIPlayer.swift */; };
		506850DA2423CF34007C8609 /* SocketIO in Frameworks */ = {isa = PBXBuildFile; productRef = 506850D92423CF34007C8609 /* SocketIO */; };
		506850DC2423F7A1007C8609 /* GameManager.swift in Sources */ = {isa = PBXBuildFile; fileRef = 506850DB2423F7A1007C8609 /* GameManager.swift */; };
		506850DF2423FF3B007C8609 /* APIGameSummary.swift in Sources */ = {isa = PBXBuildFile; fileRef = 506850DE2423FF3B007C8609 /* APIGameSummary.swift */; };
		507509FA2427843F00A566B6 /* APISpaceship.swift in Sources */ = {isa = PBXBuildFile; fileRef = 507509F92427843F00A566B6 /* APISpaceship.swift */; };
		507509FC242785C900A566B6 /* APIGame.swift in Sources */ = {isa = PBXBuildFile; fileRef = 507509FB242785C900A566B6 /* APIGame.swift */; };
		507509FE2427938300A566B6 /* GameSocketManger.swift in Sources */ = {isa = PBXBuildFile; fileRef = 507509FD2427938300A566B6 /* GameSocketManger.swift */; };
		50750A012427945100A566B6 /* SocketTarget.swift in Sources */ = {isa = PBXBuildFile; fileRef = 50750A002427945100A566B6 /* SocketTarget.swift */; };
		50750A03242799FF00A566B6 /* GameSocketTarget.swift in Sources */ = {isa = PBXBuildFile; fileRef = 50750A02242799FF00A566B6 /* GameSocketTarget.swift */; };
		50774B742424B99D00B81447 /* SpaceshipNode.swift in Sources */ = {isa = PBXBuildFile; fileRef = 50774B732424B99D00B81447 /* SpaceshipNode.swift */; };
		50774B762424BB9E00B81447 /* BackgroundNode.swift in Sources */ = {isa = PBXBuildFile; fileRef = 50774B752424BB9E00B81447 /* BackgroundNode.swift */; };
		50774B782424C9ED00B81447 /* GameCamera.swift in Sources */ = {isa = PBXBuildFile; fileRef = 50774B772424C9ED00B81447 /* GameCamera.swift */; };
		50774B7B2424DE4100B81447 /* Physics.swift in Sources */ = {isa = PBXBuildFile; fileRef = 50774B7A2424DE4100B81447 /* Physics.swift */; };
		50774B812425060B00B81447 /* JoinGameViewController.swift in Sources */ = {isa = PBXBuildFile; fileRef = 50774B7F2425060B00B81447 /* JoinGameViewController.swift */; };
		50774B842425061E00B81447 /* JoinGame.storyboard in Resources */ = {isa = PBXBuildFile; fileRef = 50774B832425061E00B81447 /* JoinGame.storyboard */; };
		50774B862425270C00B81447 /* FireNode.swift in Sources */ = {isa = PBXBuildFile; fileRef = 50774B852425270C00B81447 /* FireNode.swift */; };
		50B4DE362422722900E4D3D8 /* AppDelegate.swift in Sources */ = {isa = PBXBuildFile; fileRef = 50B4DE352422722900E4D3D8 /* AppDelegate.swift */; };
		50B4DE3C2422722900E4D3D8 /* GameScene.swift in Sources */ = {isa = PBXBuildFile; fileRef = 50B4DE3B2422722900E4D3D8 /* GameScene.swift */; };
		50B4DE3E2422722900E4D3D8 /* MainViewController.swift in Sources */ = {isa = PBXBuildFile; fileRef = 50B4DE3D2422722900E4D3D8 /* MainViewController.swift */; };
		50B4DE402422722A00E4D3D8 /* Assets.xcassets in Resources */ = {isa = PBXBuildFile; fileRef = 50B4DE3F2422722A00E4D3D8 /* Assets.xcassets */; };
		50B4DE432422722A00E4D3D8 /* Main.storyboard in Resources */ = {isa = PBXBuildFile; fileRef = 50B4DE412422722A00E4D3D8 /* Main.storyboard */; };
		50B4DE5A2422A66A00E4D3D8 /* MenuScene.swift in Sources */ = {isa = PBXBuildFile; fileRef = 50B4DE592422A66A00E4D3D8 /* MenuScene.swift */; };
		50B4DE5C2422A8D400E4D3D8 /* ButtonNode.swift in Sources */ = {isa = PBXBuildFile; fileRef = 50B4DE5B2422A8D400E4D3D8 /* ButtonNode.swift */; };
		50B4DE662422C32F00E4D3D8 /* CreateGameViewController.swift in Sources */ = {isa = PBXBuildFile; fileRef = 50B4DE652422C32F00E4D3D8 /* CreateGameViewController.swift */; };
		50B4DE6A2422C35D00E4D3D8 /* CreateGame.storyboard in Resources */ = {isa = PBXBuildFile; fileRef = 50B4DE692422C35D00E4D3D8 /* CreateGame.storyboard */; };
		50DCF421242F9F2600355957 /* GameManagerDelegate.swift in Sources */ = {isa = PBXBuildFile; fileRef = 50DCF420242F9F2600355957 /* GameManagerDelegate.swift */; };
		50DCF423242FB82F00355957 /* RespawnTimerNode.swift in Sources */ = {isa = PBXBuildFile; fileRef = 50DCF422242FB82F00355957 /* RespawnTimerNode.swift */; };
/* End PBXBuildFile section */

/* Begin PBXFileReference section */
		506850CD24238600007C8609 /* WebService.swift */ = {isa = PBXFileReference; lastKnownFileType = sourcecode.swift; path = WebService.swift; sourceTree = "<group>"; };
		506850D024238943007C8609 /* DataState.swift */ = {isa = PBXFileReference; lastKnownFileType = sourcecode.swift; path = DataState.swift; sourceTree = "<group>"; };
		506850D32423BEFA007C8609 /* APIPlayer.swift */ = {isa = PBXFileReference; lastKnownFileType = sourcecode.swift; path = APIPlayer.swift; sourceTree = "<group>"; };
		506850DB2423F7A1007C8609 /* GameManager.swift */ = {isa = PBXFileReference; lastKnownFileType = sourcecode.swift; path = GameManager.swift; sourceTree = "<group>"; };
		506850DE2423FF3B007C8609 /* APIGameSummary.swift */ = {isa = PBXFileReference; lastKnownFileType = sourcecode.swift; path = APIGameSummary.swift; sourceTree = "<group>"; };
		507509F92427843F00A566B6 /* APISpaceship.swift */ = {isa = PBXFileReference; lastKnownFileType = sourcecode.swift; path = APISpaceship.swift; sourceTree = "<group>"; };
		507509FB242785C900A566B6 /* APIGame.swift */ = {isa = PBXFileReference; lastKnownFileType = sourcecode.swift; path = APIGame.swift; sourceTree = "<group>"; };
		507509FD2427938300A566B6 /* GameSocketManger.swift */ = {isa = PBXFileReference; lastKnownFileType = sourcecode.swift; path = GameSocketManger.swift; sourceTree = "<group>"; };
		50750A002427945100A566B6 /* SocketTarget.swift */ = {isa = PBXFileReference; lastKnownFileType = sourcecode.swift; path = SocketTarget.swift; sourceTree = "<group>"; };
		50750A02242799FF00A566B6 /* GameSocketTarget.swift */ = {isa = PBXFileReference; lastKnownFileType = sourcecode.swift; path = GameSocketTarget.swift; sourceTree = "<group>"; };
		50774B732424B99D00B81447 /* SpaceshipNode.swift */ = {isa = PBXFileReference; lastKnownFileType = sourcecode.swift; path = SpaceshipNode.swift; sourceTree = "<group>"; };
		50774B752424BB9E00B81447 /* BackgroundNode.swift */ = {isa = PBXFileReference; lastKnownFileType = sourcecode.swift; path = BackgroundNode.swift; sourceTree = "<group>"; };
		50774B772424C9ED00B81447 /* GameCamera.swift */ = {isa = PBXFileReference; lastKnownFileType = sourcecode.swift; path = GameCamera.swift; sourceTree = "<group>"; };
		50774B7A2424DE4100B81447 /* Physics.swift */ = {isa = PBXFileReference; lastKnownFileType = sourcecode.swift; path = Physics.swift; sourceTree = "<group>"; };
		50774B7F2425060B00B81447 /* JoinGameViewController.swift */ = {isa = PBXFileReference; lastKnownFileType = sourcecode.swift; path = JoinGameViewController.swift; sourceTree = "<group>"; };
		50774B832425061E00B81447 /* JoinGame.storyboard */ = {isa = PBXFileReference; lastKnownFileType = file.storyboard; path = JoinGame.storyboard; sourceTree = "<group>"; };
		50774B852425270C00B81447 /* FireNode.swift */ = {isa = PBXFileReference; lastKnownFileType = sourcecode.swift; path = FireNode.swift; sourceTree = "<group>"; };
		50B4DE322422722900E4D3D8 /* Websocket.app */ = {isa = PBXFileReference; explicitFileType = wrapper.application; includeInIndex = 0; path = Websocket.app; sourceTree = BUILT_PRODUCTS_DIR; };
		50B4DE352422722900E4D3D8 /* AppDelegate.swift */ = {isa = PBXFileReference; lastKnownFileType = sourcecode.swift; path = AppDelegate.swift; sourceTree = "<group>"; };
		50B4DE3B2422722900E4D3D8 /* GameScene.swift */ = {isa = PBXFileReference; lastKnownFileType = sourcecode.swift; path = GameScene.swift; sourceTree = "<group>"; };
		50B4DE3D2422722900E4D3D8 /* MainViewController.swift */ = {isa = PBXFileReference; lastKnownFileType = sourcecode.swift; path = MainViewController.swift; sourceTree = "<group>"; };
		50B4DE3F2422722A00E4D3D8 /* Assets.xcassets */ = {isa = PBXFileReference; lastKnownFileType = folder.assetcatalog; path = Assets.xcassets; sourceTree = "<group>"; };
		50B4DE422422722A00E4D3D8 /* Base */ = {isa = PBXFileReference; lastKnownFileType = file.storyboard; name = Base; path = Base.lproj/Main.storyboard; sourceTree = "<group>"; };
		50B4DE442422722A00E4D3D8 /* Info.plist */ = {isa = PBXFileReference; lastKnownFileType = text.plist.xml; path = Info.plist; sourceTree = "<group>"; };
		50B4DE452422722A00E4D3D8 /* Websocket.entitlements */ = {isa = PBXFileReference; lastKnownFileType = text.plist.entitlements; path = Websocket.entitlements; sourceTree = "<group>"; };
		50B4DE592422A66A00E4D3D8 /* MenuScene.swift */ = {isa = PBXFileReference; lastKnownFileType = sourcecode.swift; path = MenuScene.swift; sourceTree = "<group>"; };
		50B4DE5B2422A8D400E4D3D8 /* ButtonNode.swift */ = {isa = PBXFileReference; lastKnownFileType = sourcecode.swift; path = ButtonNode.swift; sourceTree = "<group>"; };
		50B4DE652422C32F00E4D3D8 /* CreateGameViewController.swift */ = {isa = PBXFileReference; lastKnownFileType = sourcecode.swift; path = CreateGameViewController.swift; sourceTree = "<group>"; };
		50B4DE692422C35D00E4D3D8 /* CreateGame.storyboard */ = {isa = PBXFileReference; lastKnownFileType = file.storyboard; path = CreateGame.storyboard; sourceTree = "<group>"; };
		50DCF420242F9F2600355957 /* GameManagerDelegate.swift */ = {isa = PBXFileReference; lastKnownFileType = sourcecode.swift; path = GameManagerDelegate.swift; sourceTree = "<group>"; };
		50DCF422242FB82F00355957 /* RespawnTimerNode.swift */ = {isa = PBXFileReference; lastKnownFileType = sourcecode.swift; path = RespawnTimerNode.swift; sourceTree = "<group>"; };
/* End PBXFileReference section */

/* Begin PBXFrameworksBuildPhase section */
		50B4DE2F2422722900E4D3D8 /* Frameworks */ = {
			isa = PBXFrameworksBuildPhase;
			buildActionMask = 2147483647;
			files = (
				506850CC242385EF007C8609 /* Moya in Frameworks */,
				506850DA2423CF34007C8609 /* SocketIO in Frameworks */,
			);
			runOnlyForDeploymentPostprocessing = 0;
		};
/* End PBXFrameworksBuildPhase section */

/* Begin PBXGroup section */
		506850C9242384E4007C8609 /* API */ = {
			isa = PBXGroup;
			children = (
				506850CD24238600007C8609 /* WebService.swift */,
				506850D22423BEF2007C8609 /* Models */,
			);
			path = API;
			sourceTree = "<group>";
		};
		506850CF24238936007C8609 /* Utils */ = {
			isa = PBXGroup;
			children = (
				506850D024238943007C8609 /* DataState.swift */,
			);
			path = Utils;
			sourceTree = "<group>";
		};
		506850D22423BEF2007C8609 /* Models */ = {
			isa = PBXGroup;
			children = (
				506850DE2423FF3B007C8609 /* APIGameSummary.swift */,
				507509FB242785C900A566B6 /* APIGame.swift */,
				506850D32423BEFA007C8609 /* APIPlayer.swift */,
				507509F92427843F00A566B6 /* APISpaceship.swift */,
			);
			path = Models;
			sourceTree = "<group>";
		};
		506850D72423BF36007C8609 /* UI */ = {
			isa = PBXGroup;
			children = (
				50DCF41D242F9EA500355957 /* Shared */,
				50DCF41C242F9EA100355957 /* Game */,
				50DCF41B242F9E9C00355957 /* Menu */,
				50B4DE5F2422AE3700E4D3D8 /* Controllers */,
			);
			path = UI;
			sourceTree = "<group>";
		};
		506850DD2423F7A8007C8609 /* Models */ = {
			isa = PBXGroup;
			children = (
				506850DB2423F7A1007C8609 /* GameManager.swift */,
				50DCF420242F9F2600355957 /* GameManagerDelegate.swift */,
				50774B792424DE3300B81447 /* Physics */,
				507509FF2427944200A566B6 /* Sockets */,
			);
			path = Models;
			sourceTree = "<group>";
		};
		507509FF2427944200A566B6 /* Sockets */ = {
			isa = PBXGroup;
			children = (
				507509FD2427938300A566B6 /* GameSocketManger.swift */,
				50750A002427945100A566B6 /* SocketTarget.swift */,
				50750A02242799FF00A566B6 /* GameSocketTarget.swift */,
			);
			path = Sockets;
			sourceTree = "<group>";
		};
		50774B792424DE3300B81447 /* Physics */ = {
			isa = PBXGroup;
			children = (
				50774B7A2424DE4100B81447 /* Physics.swift */,
			);
			path = Physics;
			sourceTree = "<group>";
		};
		50774B7E242505F200B81447 /* JoinGame */ = {
			isa = PBXGroup;
			children = (
				50774B7F2425060B00B81447 /* JoinGameViewController.swift */,
				50774B832425061E00B81447 /* JoinGame.storyboard */,
			);
			path = JoinGame;
			sourceTree = "<group>";
		};
		50B4DE292422722900E4D3D8 = {
			isa = PBXGroup;
			children = (
				50B4DE342422722900E4D3D8 /* Websocket */,
				50B4DE332422722900E4D3D8 /* Products */,
			);
			sourceTree = "<group>";
		};
		50B4DE332422722900E4D3D8 /* Products */ = {
			isa = PBXGroup;
			children = (
				50B4DE322422722900E4D3D8 /* Websocket.app */,
			);
			name = Products;
			sourceTree = "<group>";
		};
		50B4DE342422722900E4D3D8 /* Websocket */ = {
			isa = PBXGroup;
			children = (
				50B4DE352422722900E4D3D8 /* AppDelegate.swift */,
				50B4DE5D2422AE1E00E4D3D8 /* Application */,
				506850C9242384E4007C8609 /* API */,
				506850CF24238936007C8609 /* Utils */,
				50B4DE3F2422722A00E4D3D8 /* Assets.xcassets */,
				50B4DE442422722A00E4D3D8 /* Info.plist */,
				50B4DE452422722A00E4D3D8 /* Websocket.entitlements */,
			);
			path = Websocket;
			sourceTree = "<group>";
		};
		50B4DE5D2422AE1E00E4D3D8 /* Application */ = {
			isa = PBXGroup;
			children = (
				506850D72423BF36007C8609 /* UI */,
				506850DD2423F7A8007C8609 /* Models */,
			);
			path = Application;
			sourceTree = "<group>";
		};
		50B4DE5F2422AE3700E4D3D8 /* Controllers */ = {
			isa = PBXGroup;
			children = (
				50774B7E242505F200B81447 /* JoinGame */,
				50B4DE642422BFFA00E4D3D8 /* CreateGame */,
				50B4DE632422BFF600E4D3D8 /* Main */,
			);
			path = Controllers;
			sourceTree = "<group>";
		};
		50B4DE632422BFF600E4D3D8 /* Main */ = {
			isa = PBXGroup;
			children = (
				50B4DE3D2422722900E4D3D8 /* MainViewController.swift */,
				50B4DE412422722A00E4D3D8 /* Main.storyboard */,
			);
			path = Main;
			sourceTree = "<group>";
		};
		50B4DE642422BFFA00E4D3D8 /* CreateGame */ = {
			isa = PBXGroup;
			children = (
				50B4DE652422C32F00E4D3D8 /* CreateGameViewController.swift */,
				50B4DE692422C35D00E4D3D8 /* CreateGame.storyboard */,
			);
			path = CreateGame;
			sourceTree = "<group>";
		};
		50DCF41B242F9E9C00355957 /* Menu */ = {
			isa = PBXGroup;
			children = (
				50B4DE592422A66A00E4D3D8 /* MenuScene.swift */,
			);
			path = Menu;
			sourceTree = "<group>";
		};
		50DCF41C242F9EA100355957 /* Game */ = {
			isa = PBXGroup;
			children = (
				50B4DE3B2422722900E4D3D8 /* GameScene.swift */,
				50DCF41F242F9EE100355957 /* Camera */,
				50DCF41E242F9EB600355957 /* Nodes */,
			);
			path = Game;
			sourceTree = "<group>";
		};
		50DCF41D242F9EA500355957 /* Shared */ = {
			isa = PBXGroup;
			children = (
				50B4DE5B2422A8D400E4D3D8 /* ButtonNode.swift */,
			);
			path = Shared;
			sourceTree = "<group>";
		};
		50DCF41E242F9EB600355957 /* Nodes */ = {
			isa = PBXGroup;
			children = (
				50774B752424BB9E00B81447 /* BackgroundNode.swift */,
				50774B852425270C00B81447 /* FireNode.swift */,
				50774B732424B99D00B81447 /* SpaceshipNode.swift */,
				50DCF422242FB82F00355957 /* RespawnTimerNode.swift */,
			);
			path = Nodes;
			sourceTree = "<group>";
		};
		50DCF41F242F9EE100355957 /* Camera */ = {
			isa = PBXGroup;
			children = (
				50774B772424C9ED00B81447 /* GameCamera.swift */,
			);
			path = Camera;
			sourceTree = "<group>";
		};
/* End PBXGroup section */

/* Begin PBXNativeTarget section */
		50B4DE312422722900E4D3D8 /* Websocket */ = {
			isa = PBXNativeTarget;
			buildConfigurationList = 50B4DE482422722A00E4D3D8 /* Build configuration list for PBXNativeTarget "Websocket" */;
			buildPhases = (
				50B4DE2E2422722900E4D3D8 /* Sources */,
				50B4DE2F2422722900E4D3D8 /* Frameworks */,
				50B4DE302422722900E4D3D8 /* Resources */,
			);
			buildRules = (
			);
			dependencies = (
			);
			name = Websocket;
			packageProductDependencies = (
				506850CB242385EF007C8609 /* Moya */,
				506850D92423CF34007C8609 /* SocketIO */,
			);
			productName = Websocket;
			productReference = 50B4DE322422722900E4D3D8 /* Websocket.app */;
			productType = "com.apple.product-type.application";
		};
/* End PBXNativeTarget section */

/* Begin PBXProject section */
		50B4DE2A2422722900E4D3D8 /* Project object */ = {
			isa = PBXProject;
			attributes = {
				LastSwiftUpdateCheck = 1130;
				LastUpgradeCheck = 1130;
				ORGANIZATIONNAME = Snopia;
				TargetAttributes = {
					50B4DE312422722900E4D3D8 = {
						CreatedOnToolsVersion = 11.3.1;
					};
				};
			};
			buildConfigurationList = 50B4DE2D2422722900E4D3D8 /* Build configuration list for PBXProject "Websocket" */;
			compatibilityVersion = "Xcode 9.3";
			developmentRegion = en;
			hasScannedForEncodings = 0;
			knownRegions = (
				en,
				Base,
			);
			mainGroup = 50B4DE292422722900E4D3D8;
			packageReferences = (
				506850CA242385EF007C8609 /* XCRemoteSwiftPackageReference "Moya" */,
				506850D82423CF34007C8609 /* XCRemoteSwiftPackageReference "socket" */,
			);
			productRefGroup = 50B4DE332422722900E4D3D8 /* Products */;
			projectDirPath = "";
			projectRoot = "";
			targets = (
				50B4DE312422722900E4D3D8 /* Websocket */,
			);
		};
/* End PBXProject section */

/* Begin PBXResourcesBuildPhase section */
		50B4DE302422722900E4D3D8 /* Resources */ = {
			isa = PBXResourcesBuildPhase;
			buildActionMask = 2147483647;
			files = (
				50774B842425061E00B81447 /* JoinGame.storyboard in Resources */,
				50B4DE402422722A00E4D3D8 /* Assets.xcassets in Resources */,
				50B4DE6A2422C35D00E4D3D8 /* CreateGame.storyboard in Resources */,
				50B4DE432422722A00E4D3D8 /* Main.storyboard in Resources */,
			);
			runOnlyForDeploymentPostprocessing = 0;
		};
/* End PBXResourcesBuildPhase section */

/* Begin PBXSourcesBuildPhase section */
		50B4DE2E2422722900E4D3D8 /* Sources */ = {
			isa = PBXSourcesBuildPhase;
			buildActionMask = 2147483647;
			files = (
				506850DF2423FF3B007C8609 /* APIGameSummary.swift in Sources */,
				50B4DE662422C32F00E4D3D8 /* CreateGameViewController.swift in Sources */,
				50774B812425060B00B81447 /* JoinGameViewController.swift in Sources */,
				50774B762424BB9E00B81447 /* BackgroundNode.swift in Sources */,
				507509FA2427843F00A566B6 /* APISpaceship.swift in Sources */,
				50774B862425270C00B81447 /* FireNode.swift in Sources */,
				50750A012427945100A566B6 /* SocketTarget.swift in Sources */,
				50DCF421242F9F2600355957 /* GameManagerDelegate.swift in Sources */,
				50DCF423242FB82F00355957 /* RespawnTimerNode.swift in Sources */,
				50B4DE3E2422722900E4D3D8 /* MainViewController.swift in Sources */,
				506850DC2423F7A1007C8609 /* GameManager.swift in Sources */,
				506850CE24238600007C8609 /* WebService.swift in Sources */,
				50774B742424B99D00B81447 /* SpaceshipNode.swift in Sources */,
				50B4DE5A2422A66A00E4D3D8 /* MenuScene.swift in Sources */,
				50B4DE3C2422722900E4D3D8 /* GameScene.swift in Sources */,
				50750A03242799FF00A566B6 /* GameSocketTarget.swift in Sources */,
				506850D124238943007C8609 /* DataState.swift in Sources */,
				50774B7B2424DE4100B81447 /* Physics.swift in Sources */,
				507509FC242785C900A566B6 /* APIGame.swift in Sources */,
				50774B782424C9ED00B81447 /* GameCamera.swift in Sources */,
				507509FE2427938300A566B6 /* GameSocketManger.swift in Sources */,
				50B4DE362422722900E4D3D8 /* AppDelegate.swift in Sources */,
				506850D42423BEFA007C8609 /* APIPlayer.swift in Sources */,
				50B4DE5C2422A8D400E4D3D8 /* ButtonNode.swift in Sources */,
			);
			runOnlyForDeploymentPostprocessing = 0;
		};
/* End PBXSourcesBuildPhase section */

/* Begin PBXVariantGroup section */
		50B4DE412422722A00E4D3D8 /* Main.storyboard */ = {
			isa = PBXVariantGroup;
			children = (
				50B4DE422422722A00E4D3D8 /* Base */,
			);
			name = Main.storyboard;
			sourceTree = "<group>";
		};
/* End PBXVariantGroup section */

/* Begin XCBuildConfiguration section */
		50B4DE462422722A00E4D3D8 /* Debug */ = {
			isa = XCBuildConfiguration;
			buildSettings = {
				ALWAYS_SEARCH_USER_PATHS = NO;
				CLANG_ANALYZER_NONNULL = YES;
				CLANG_ANALYZER_NUMBER_OBJECT_CONVERSION = YES_AGGRESSIVE;
				CLANG_CXX_LANGUAGE_STANDARD = "gnu++14";
				CLANG_CXX_LIBRARY = "libc++";
				CLANG_ENABLE_MODULES = YES;
				CLANG_ENABLE_OBJC_ARC = YES;
				CLANG_ENABLE_OBJC_WEAK = YES;
				CLANG_WARN_BLOCK_CAPTURE_AUTORELEASING = YES;
				CLANG_WARN_BOOL_CONVERSION = YES;
				CLANG_WARN_COMMA = YES;
				CLANG_WARN_CONSTANT_CONVERSION = YES;
				CLANG_WARN_DEPRECATED_OBJC_IMPLEMENTATIONS = YES;
				CLANG_WARN_DIRECT_OBJC_ISA_USAGE = YES_ERROR;
				CLANG_WARN_DOCUMENTATION_COMMENTS = YES;
				CLANG_WARN_EMPTY_BODY = YES;
				CLANG_WARN_ENUM_CONVERSION = YES;
				CLANG_WARN_INFINITE_RECURSION = YES;
				CLANG_WARN_INT_CONVERSION = YES;
				CLANG_WARN_NON_LITERAL_NULL_CONVERSION = YES;
				CLANG_WARN_OBJC_IMPLICIT_RETAIN_SELF = YES;
				CLANG_WARN_OBJC_LITERAL_CONVERSION = YES;
				CLANG_WARN_OBJC_ROOT_CLASS = YES_ERROR;
				CLANG_WARN_RANGE_LOOP_ANALYSIS = YES;
				CLANG_WARN_STRICT_PROTOTYPES = YES;
				CLANG_WARN_SUSPICIOUS_MOVE = YES;
				CLANG_WARN_UNGUARDED_AVAILABILITY = YES_AGGRESSIVE;
				CLANG_WARN_UNREACHABLE_CODE = YES;
				CLANG_WARN__DUPLICATE_METHOD_MATCH = YES;
				COPY_PHASE_STRIP = NO;
				DEBUG_INFORMATION_FORMAT = dwarf;
				ENABLE_STRICT_OBJC_MSGSEND = YES;
				ENABLE_TESTABILITY = YES;
				GCC_C_LANGUAGE_STANDARD = gnu11;
				GCC_DYNAMIC_NO_PIC = NO;
				GCC_NO_COMMON_BLOCKS = YES;
				GCC_OPTIMIZATION_LEVEL = 0;
				GCC_PREPROCESSOR_DEFINITIONS = (
					"DEBUG=1",
					"$(inherited)",
				);
				GCC_WARN_64_TO_32_BIT_CONVERSION = YES;
				GCC_WARN_ABOUT_RETURN_TYPE = YES_ERROR;
				GCC_WARN_UNDECLARED_SELECTOR = YES;
				GCC_WARN_UNINITIALIZED_AUTOS = YES_AGGRESSIVE;
				GCC_WARN_UNUSED_FUNCTION = YES;
				GCC_WARN_UNUSED_VARIABLE = YES;
				MACOSX_DEPLOYMENT_TARGET = 10.15;
				MTL_ENABLE_DEBUG_INFO = INCLUDE_SOURCE;
				MTL_FAST_MATH = YES;
				ONLY_ACTIVE_ARCH = YES;
				SDKROOT = macosx;
				SWIFT_ACTIVE_COMPILATION_CONDITIONS = DEBUG;
				SWIFT_OPTIMIZATION_LEVEL = "-Onone";
			};
			name = Debug;
		};
		50B4DE472422722A00E4D3D8 /* Release */ = {
			isa = XCBuildConfiguration;
			buildSettings = {
				ALWAYS_SEARCH_USER_PATHS = NO;
				CLANG_ANALYZER_NONNULL = YES;
				CLANG_ANALYZER_NUMBER_OBJECT_CONVERSION = YES_AGGRESSIVE;
				CLANG_CXX_LANGUAGE_STANDARD = "gnu++14";
				CLANG_CXX_LIBRARY = "libc++";
				CLANG_ENABLE_MODULES = YES;
				CLANG_ENABLE_OBJC_ARC = YES;
				CLANG_ENABLE_OBJC_WEAK = YES;
				CLANG_WARN_BLOCK_CAPTURE_AUTORELEASING = YES;
				CLANG_WARN_BOOL_CONVERSION = YES;
				CLANG_WARN_COMMA = YES;
				CLANG_WARN_CONSTANT_CONVERSION = YES;
				CLANG_WARN_DEPRECATED_OBJC_IMPLEMENTATIONS = YES;
				CLANG_WARN_DIRECT_OBJC_ISA_USAGE = YES_ERROR;
				CLANG_WARN_DOCUMENTATION_COMMENTS = YES;
				CLANG_WARN_EMPTY_BODY = YES;
				CLANG_WARN_ENUM_CONVERSION = YES;
				CLANG_WARN_INFINITE_RECURSION = YES;
				CLANG_WARN_INT_CONVERSION = YES;
				CLANG_WARN_NON_LITERAL_NULL_CONVERSION = YES;
				CLANG_WARN_OBJC_IMPLICIT_RETAIN_SELF = YES;
				CLANG_WARN_OBJC_LITERAL_CONVERSION = YES;
				CLANG_WARN_OBJC_ROOT_CLASS = YES_ERROR;
				CLANG_WARN_RANGE_LOOP_ANALYSIS = YES;
				CLANG_WARN_STRICT_PROTOTYPES = YES;
				CLANG_WARN_SUSPICIOUS_MOVE = YES;
				CLANG_WARN_UNGUARDED_AVAILABILITY = YES_AGGRESSIVE;
				CLANG_WARN_UNREACHABLE_CODE = YES;
				CLANG_WARN__DUPLICATE_METHOD_MATCH = YES;
				COPY_PHASE_STRIP = NO;
				DEBUG_INFORMATION_FORMAT = "dwarf-with-dsym";
				ENABLE_NS_ASSERTIONS = NO;
				ENABLE_STRICT_OBJC_MSGSEND = YES;
				GCC_C_LANGUAGE_STANDARD = gnu11;
				GCC_NO_COMMON_BLOCKS = YES;
				GCC_WARN_64_TO_32_BIT_CONVERSION = YES;
				GCC_WARN_ABOUT_RETURN_TYPE = YES_ERROR;
				GCC_WARN_UNDECLARED_SELECTOR = YES;
				GCC_WARN_UNINITIALIZED_AUTOS = YES_AGGRESSIVE;
				GCC_WARN_UNUSED_FUNCTION = YES;
				GCC_WARN_UNUSED_VARIABLE = YES;
				MACOSX_DEPLOYMENT_TARGET = 10.15;
				MTL_ENABLE_DEBUG_INFO = NO;
				MTL_FAST_MATH = YES;
				SDKROOT = macosx;
				SWIFT_COMPILATION_MODE = wholemodule;
				SWIFT_OPTIMIZATION_LEVEL = "-O";
			};
			name = Release;
		};
		50B4DE492422722B00E4D3D8 /* Debug */ = {
			isa = XCBuildConfiguration;
			buildSettings = {
				ASSETCATALOG_COMPILER_APPICON_NAME = AppIcon;
				CODE_SIGN_ENTITLEMENTS = Websocket/Websocket.entitlements;
				CODE_SIGN_STYLE = Automatic;
				COMBINE_HIDPI_IMAGES = YES;
				DEVELOPMENT_TEAM = KZ254M88K2;
				ENABLE_HARDENED_RUNTIME = YES;
				INFOPLIST_FILE = Websocket/Info.plist;
				LD_RUNPATH_SEARCH_PATHS = (
					"$(inherited)",
					"@executable_path/../Frameworks",
				);
				PRODUCT_BUNDLE_IDENTIFIER = net.snopia.Websocket;
				PRODUCT_NAME = "$(TARGET_NAME)";
				SWIFT_VERSION = 5.0;
			};
			name = Debug;
		};
		50B4DE4A2422722B00E4D3D8 /* Release */ = {
			isa = XCBuildConfiguration;
			buildSettings = {
				ASSETCATALOG_COMPILER_APPICON_NAME = AppIcon;
				CODE_SIGN_ENTITLEMENTS = Websocket/Websocket.entitlements;
				CODE_SIGN_STYLE = Automatic;
				COMBINE_HIDPI_IMAGES = YES;
				DEVELOPMENT_TEAM = KZ254M88K2;
				ENABLE_HARDENED_RUNTIME = YES;
				INFOPLIST_FILE = Websocket/Info.plist;
				LD_RUNPATH_SEARCH_PATHS = (
					"$(inherited)",
					"@executable_path/../Frameworks",
				);
				PRODUCT_BUNDLE_IDENTIFIER = net.snopia.Websocket;
				PRODUCT_NAME = "$(TARGET_NAME)";
				SWIFT_VERSION = 5.0;
			};
			name = Release;
		};
/* End XCBuildConfiguration section */

/* Begin XCConfigurationList section */
		50B4DE2D2422722900E4D3D8 /* Build configuration list for PBXProject "Websocket" */ = {
			isa = XCConfigurationList;
			buildConfigurations = (
				50B4DE462422722A00E4D3D8 /* Debug */,
				50B4DE472422722A00E4D3D8 /* Release */,
			);
			defaultConfigurationIsVisible = 0;
			defaultConfigurationName = Release;
		};
		50B4DE482422722A00E4D3D8 /* Build configuration list for PBXNativeTarget "Websocket" */ = {
			isa = XCConfigurationList;
			buildConfigurations = (
				50B4DE492422722B00E4D3D8 /* Debug */,
				50B4DE4A2422722B00E4D3D8 /* Release */,
			);
			defaultConfigurationIsVisible = 0;
			defaultConfigurationName = Release;
		};
/* End XCConfigurationList section */

/* Begin XCRemoteSwiftPackageReference section */
		506850CA242385EF007C8609 /* XCRemoteSwiftPackageReference "Moya" */ = {
			isa = XCRemoteSwiftPackageReference;
			repositoryURL = "https://github.com/Moya/Moya.git";
			requirement = {
				kind = upToNextMajorVersion;
				minimumVersion = 14.0.0;
			};
		};
		506850D82423CF34007C8609 /* XCRemoteSwiftPackageReference "socket" */ = {
			isa = XCRemoteSwiftPackageReference;
			repositoryURL = "https://github.com/socketio/socket.io-client-swift";
			requirement = {
				kind = upToNextMajorVersion;
				minimumVersion = 15.2.0;
			};
		};
/* End XCRemoteSwiftPackageReference section */

/* Begin XCSwiftPackageProductDependency section */
		506850CB242385EF007C8609 /* Moya */ = {
			isa = XCSwiftPackageProductDependency;
			package = 506850CA242385EF007C8609 /* XCRemoteSwiftPackageReference "Moya" */;
			productName = Moya;
		};
		506850D92423CF34007C8609 /* SocketIO */ = {
			isa = XCSwiftPackageProductDependency;
			package = 506850D82423CF34007C8609 /* XCRemoteSwiftPackageReference "socket" */;
			productName = SocketIO;
		};
/* End XCSwiftPackageProductDependency section */
	};
	rootObject = 50B4DE2A2422722900E4D3D8 /* Project object */;
}
